
Microsoft Visual Studio Solution File, Format Version 12.00
# Visual Studio 15
VisualStudioVersion = 15.0.28010.2048
MinimumVisualStudioVersion = 10.0.40219.1
Project("{9A19103F-16F7-4668-BE54-9A1E7A4F7556}") = "ScribestarCodeTestNumberToWords", "ScribestarCodeTestNumberToWords\ScribestarCodeTestNumberToWords.csproj", "{E9FE7C8E-B888-4BD4-A8FA-E998D83F3EC3}"
EndProject
Project("{FAE04EC0-301F-11D3-BF4B-00C04F79EFBC}") = "ScribestarCodeTestNumberToWords.UnitTests", "ScribestarCodeTestNumberToWords.UnitTests\ScribestarCodeTestNumberToWords.UnitTests.csproj", "{8CCBF9CF-B9E3-4782-B5FC-983DD8D0045A}"
EndProject
Global
	GlobalSection(SolutionConfigurationPlatforms) = preSolution
		Debug|Any CPU = Debug|Any CPU
		Release|Any CPU = Release|Any CPU
	EndGlobalSection
	GlobalSection(ProjectConfigurationPlatforms) = postSolution
		{E9FE7C8E-B888-4BD4-A8FA-E998D83F3EC3}.Debug|Any CPU.ActiveCfg = Debug|Any CPU
		{E9FE7C8E-B888-4BD4-A8FA-E998D83F3EC3}.Debug|Any CPU.Build.0 = Debug|Any CPU
		{E9FE7C8E-B888-4BD4-A8FA-E998D83F3EC3}.Release|Any CPU.ActiveCfg = Release|Any CPU
		{E9FE7C8E-B888-4BD4-A8FA-E998D83F3EC3}.Release|Any CPU.Build.0 = Release|Any CPU
		{8CCBF9CF-B9E3-4782-B5FC-983DD8D0045A}.Debug|Any CPU.ActiveCfg = Debug|Any CPU
		{8CCBF9CF-B9E3-4782-B5FC-983DD8D0045A}.Debug|Any CPU.Build.0 = Debug|Any CPU
		{8CCBF9CF-B9E3-4782-B5FC-983DD8D0045A}.Release|Any CPU.ActiveCfg = Release|Any CPU
		{8CCBF9CF-B9E3-4782-B5FC-983DD8D0045A}.Release|Any CPU.Build.0 = Release|Any CPU
	EndGlobalSection
	GlobalSection(SolutionProperties) = preSolution
		HideSolutionNode = FALSE
	EndGlobalSection
	GlobalSection(ExtensibilityGlobals) = postSolution
		SolutionGuid = {068307C1-1FC3-431E-B015-E803588A81FD}
	EndGlobalSection
EndGlobal
